
Microsoft Visual Studio Solution File, Format Version 12.00
# Visual Studio 15
Project("{FAE04EC0-301F-11D3-BF4B-00C04F79EFBC}") = "Assembly-CSharp", "Assembly-CSharp.csproj", "{DB0C4B9E-B2FB-568C-1131-E1E8F4001B4C}"
EndProject
Project("{FAE04EC0-301F-11D3-BF4B-00C04F79EFBC}") = "Assembly-CSharp-Editor", "Assembly-CSharp-Editor.csproj", "{2C08DB41-FAB3-4F39-9EFC-E1BBA4A0232B}"
EndProject
Global
	GlobalSection(SolutionConfigurationPlatforms) = preSolution
		Debug|Any CPU = Debug|Any CPU
		Release|Any CPU = Release|Any CPU
	EndGlobalSection
	GlobalSection(ProjectConfigurationPlatforms) = postSolution
		{DB0C4B9E-B2FB-568C-1131-E1E8F4001B4C}.Debug|Any CPU.ActiveCfg = Debug|Any CPU
		{DB0C4B9E-B2FB-568C-1131-E1E8F4001B4C}.Debug|Any CPU.Build.0 = Debug|Any CPU
		{DB0C4B9E-B2FB-568C-1131-E1E8F4001B4C}.Release|Any CPU.ActiveCfg = Release|Any CPU
		{DB0C4B9E-B2FB-568C-1131-E1E8F4001B4C}.Release|Any CPU.Build.0 = Release|Any CPU
		{2C08DB41-FAB3-4F39-9EFC-E1BBA4A0232B}.Debug|Any CPU.ActiveCfg = Debug|Any CPU
		{2C08DB41-FAB3-4F39-9EFC-E1BBA4A0232B}.Debug|Any CPU.Build.0 = Debug|Any CPU
		{2C08DB41-FAB3-4F39-9EFC-E1BBA4A0232B}.Release|Any CPU.ActiveCfg = Release|Any CPU
		{2C08DB41-FAB3-4F39-9EFC-E1BBA4A0232B}.Release|Any CPU.Build.0 = Release|Any CPU
	EndGlobalSection
	GlobalSection(SolutionProperties) = preSolution
		HideSolutionNode = FALSE
	EndGlobalSection
EndGlobal
